// !$*UTF8*$!
{
	archiveVersion = 1;
	classes = {
	};
	objectVersion = 46;
	objects = {

/* Begin PBXBuildFile section */
		2A55631A18EA01BE006DA324 /* Foundation.framework in Frameworks */ = {isa = PBXBuildFile; fileRef = 2A55631918EA01BE006DA324 /* Foundation.framework */; };
		2A55631C18EA01BE006DA324 /* CoreGraphics.framework in Frameworks */ = {isa = PBXBuildFile; fileRef = 2A55631B18EA01BE006DA324 /* CoreGraphics.framework */; };
		2A55631E18EA01BE006DA324 /* UIKit.framework in Frameworks */ = {isa = PBXBuildFile; fileRef = 2A55631D18EA01BE006DA324 /* UIKit.framework */; };
		2A55632418EA01BE006DA324 /* InfoPlist.strings in Resources */ = {isa = PBXBuildFile; fileRef = 2A55632218EA01BE006DA324 /* InfoPlist.strings */; };
		2A55632618EA01BE006DA324 /* main.m in Sources */ = {isa = PBXBuildFile; fileRef = 2A55632518EA01BE006DA324 /* main.m */; };
		2A55632A18EA01BE006DA324 /* AppDelegate.m in Sources */ = {isa = PBXBuildFile; fileRef = 2A55632918EA01BE006DA324 /* AppDelegate.m */; };
		2A55632D18EA01BE006DA324 /* Main.storyboard in Resources */ = {isa = PBXBuildFile; fileRef = 2A55632B18EA01BE006DA324 /* Main.storyboard */; };
		2A55633018EA01BE006DA324 /* ViewController.m in Sources */ = {isa = PBXBuildFile; fileRef = 2A55632F18EA01BE006DA324 /* ViewController.m */; };
		2A55633218EA01BE006DA324 /* Images.xcassets in Resources */ = {isa = PBXBuildFile; fileRef = 2A55633118EA01BE006DA324 /* Images.xcassets */; };
		2A55633918EA01BE006DA324 /* XCTest.framework in Frameworks */ = {isa = PBXBuildFile; fileRef = 2A55633818EA01BE006DA324 /* XCTest.framework */; };
		2A55633A18EA01BE006DA324 /* Foundation.framework in Frameworks */ = {isa = PBXBuildFile; fileRef = 2A55631918EA01BE006DA324 /* Foundation.framework */; };
		2A55633B18EA01BE006DA324 /* UIKit.framework in Frameworks */ = {isa = PBXBuildFile; fileRef = 2A55631D18EA01BE006DA324 /* UIKit.framework */; };
		2A55634318EA01BE006DA324 /* InfoPlist.strings in Resources */ = {isa = PBXBuildFile; fileRef = 2A55634118EA01BE006DA324 /* InfoPlist.strings */; };
		2A55634518EA01BE006DA324 /* BeaconReceiverTests.m in Sources */ = {isa = PBXBuildFile; fileRef = 2A55634418EA01BE006DA324 /* BeaconReceiverTests.m */; };
		2A55634F18EA0295006DA324 /* CoreLocation.framework in Frameworks */ = {isa = PBXBuildFile; fileRef = 2A55634E18EA0295006DA324 /* CoreLocation.framework */; };
		2A55635118EA02A5006DA324 /* CoreBluetooth.framework in Frameworks */ = {isa = PBXBuildFile; fileRef = 2A55635018EA02A5006DA324 /* CoreBluetooth.framework */; };
/* End PBXBuildFile section */

/* Begin PBXContainerItemProxy section */
		2A55633C18EA01BE006DA324 /* PBXContainerItemProxy */ = {
			isa = PBXContainerItemProxy;
			containerPortal = 2A55630E18EA01BE006DA324 /* Project object */;
			proxyType = 1;
			remoteGlobalIDString = 2A55631518EA01BE006DA324;
			remoteInfo = BeaconReceiver;
		};
/* End PBXContainerItemProxy section */

/* Begin PBXFileReference section */
		2A55631618EA01BE006DA324 /* BeaconReceiver.app */ = {isa = PBXFileReference; explicitFileType = wrapper.application; includeInIndex = 0; path = BeaconReceiver.app; sourceTree = BUILT_PRODUCTS_DIR; };
		2A55631918EA01BE006DA324 /* Foundation.framework */ = {isa = PBXFileReference; lastKnownFileType = wrapper.framework; name = Foundation.framework; path = System/Library/Frameworks/Foundation.framework; sourceTree = SDKROOT; };
		2A55631B18EA01BE006DA324 /* CoreGraphics.framework */ = {isa = PBXFileReference; lastKnownFileType = wrapper.framework; name = CoreGraphics.framework; path = System/Library/Frameworks/CoreGraphics.framework; sourceTree = SDKROOT; };
		2A55631D18EA01BE006DA324 /* UIKit.framework */ = {isa = PBXFileReference; lastKnownFileType = wrapper.framework; name = UIKit.framework; path = System/Library/Frameworks/UIKit.framework; sourceTree = SDKROOT; };
		2A55632118EA01BE006DA324 /* BeaconReceiver-Info.plist */ = {isa = PBXFileReference; lastKnownFileType = text.plist.xml; path = "BeaconReceiver-Info.plist"; sourceTree = "<group>"; };
		2A55632318EA01BE006DA324 /* en */ = {isa = PBXFileReference; lastKnownFileType = text.plist.strings; name = en; path = en.lproj/InfoPlist.strings; sourceTree = "<group>"; };
		2A55632518EA01BE006DA324 /* main.m */ = {isa = PBXFileReference; lastKnownFileType = sourcecode.c.objc; path = main.m; sourceTree = "<group>"; };
		2A55632718EA01BE006DA324 /* BeaconReceiver-Prefix.pch */ = {isa = PBXFileReference; lastKnownFileType = sourcecode.c.h; path = "BeaconReceiver-Prefix.pch"; sourceTree = "<group>"; };
		2A55632818EA01BE006DA324 /* AppDelegate.h */ = {isa = PBXFileReference; lastKnownFileType = sourcecode.c.h; path = AppDelegate.h; sourceTree = "<group>"; };
		2A55632918EA01BE006DA324 /* AppDelegate.m */ = {isa = PBXFileReference; lastKnownFileType = sourcecode.c.objc; path = AppDelegate.m; sourceTree = "<group>"; };
		2A55632C18EA01BE006DA324 /* Base */ = {isa = PBXFileReference; lastKnownFileType = file.storyboard; name = Base; path = Base.lproj/Main.storyboard; sourceTree = "<group>"; };
		2A55632E18EA01BE006DA324 /* ViewController.h */ = {isa = PBXFileReference; lastKnownFileType = sourcecode.c.h; path = ViewController.h; sourceTree = "<group>"; };
		2A55632F18EA01BE006DA324 /* ViewController.m */ = {isa = PBXFileReference; lastKnownFileType = sourcecode.c.objc; path = ViewController.m; sourceTree = "<group>"; };
		2A55633118EA01BE006DA324 /* Images.xcassets */ = {isa = PBXFileReference; lastKnownFileType = folder.assetcatalog; path = Images.xcassets; sourceTree = "<group>"; };
		2A55633718EA01BE006DA324 /* BeaconReceiverTests.xctest */ = {isa = PBXFileReference; explicitFileType = wrapper.cfbundle; includeInIndex = 0; path = BeaconReceiverTests.xctest; sourceTree = BUILT_PRODUCTS_DIR; };
		2A55633818EA01BE006DA324 /* XCTest.framework */ = {isa = PBXFileReference; lastKnownFileType = wrapper.framework; name = XCTest.framework; path = Library/Frameworks/XCTest.framework; sourceTree = DEVELOPER_DIR; };
		2A55634018EA01BE006DA324 /* BeaconReceiverTests-Info.plist */ = {isa = PBXFileReference; lastKnownFileType = text.plist.xml; path = "BeaconReceiverTests-Info.plist"; sourceTree = "<group>"; };
		2A55634218EA01BE006DA324 /* en */ = {isa = PBXFileReference; lastKnownFileType = text.plist.strings; name = en; path = en.lproj/InfoPlist.strings; sourceTree = "<group>"; };
		2A55634418EA01BE006DA324 /* BeaconReceiverTests.m */ = {isa = PBXFileReference; lastKnownFileType = sourcecode.c.objc; path = BeaconReceiverTests.m; sourceTree = "<group>"; };
		2A55634E18EA0295006DA324 /* CoreLocation.framework */ = {isa = PBXFileReference; lastKnownFileType = wrapper.framework; name = CoreLocation.framework; path = System/Library/Frameworks/CoreLocation.framework; sourceTree = SDKROOT; };
		2A55635018EA02A5006DA324 /* CoreBluetooth.framework */ = {isa = PBXFileReference; lastKnownFileType = wrapper.framework; name = CoreBluetooth.framework; path = System/Library/Frameworks/CoreBluetooth.framework; sourceTree = SDKROOT; };
/* End PBXFileReference section */

/* Begin PBXFrameworksBuildPhase section */
		2A55631318EA01BE006DA324 /* Frameworks */ = {
			isa = PBXFrameworksBuildPhase;
			buildActionMask = 2147483647;
			files = (
				2A55635118EA02A5006DA324 /* CoreBluetooth.framework in Frameworks */,
				2A55634F18EA0295006DA324 /* CoreLocation.framework in Frameworks */,
				2A55631C18EA01BE006DA324 /* CoreGraphics.framework in Frameworks */,
				2A55631E18EA01BE006DA324 /* UIKit.framework in Frameworks */,
				2A55631A18EA01BE006DA324 /* Foundation.framework in Frameworks */,
			);
			runOnlyForDeploymentPostprocessing = 0;
		};
		2A55633418EA01BE006DA324 /* Frameworks */ = {
			isa = PBXFrameworksBuildPhase;
			buildActionMask = 2147483647;
			files = (
				2A55633918EA01BE006DA324 /* XCTest.framework in Frameworks */,
				2A55633B18EA01BE006DA324 /* UIKit.framework in Frameworks */,
				2A55633A18EA01BE006DA324 /* Foundation.framework in Frameworks */,
			);
			runOnlyForDeploymentPostprocessing = 0;
		};
/* End PBXFrameworksBuildPhase section */

/* Begin PBXGroup section */
		2A55630D18EA01BE006DA324 = {
			isa = PBXGroup;
			children = (
				2A55631F18EA01BE006DA324 /* BeaconReceiver */,
				2A55633E18EA01BE006DA324 /* BeaconReceiverTests */,
				2A55631818EA01BE006DA324 /* Frameworks */,
				2A55631718EA01BE006DA324 /* Products */,
			);
			sourceTree = "<group>";
		};
		2A55631718EA01BE006DA324 /* Products */ = {
			isa = PBXGroup;
			children = (
				2A55631618EA01BE006DA324 /* BeaconReceiver.app */,
				2A55633718EA01BE006DA324 /* BeaconReceiverTests.xctest */,
			);
			name = Products;
			sourceTree = "<group>";
		};
		2A55631818EA01BE006DA324 /* Frameworks */ = {
			isa = PBXGroup;
			children = (
				2A55635018EA02A5006DA324 /* CoreBluetooth.framework */,
				2A55634E18EA0295006DA324 /* CoreLocation.framework */,
				2A55631918EA01BE006DA324 /* Foundation.framework */,
				2A55631B18EA01BE006DA324 /* CoreGraphics.framework */,
				2A55631D18EA01BE006DA324 /* UIKit.framework */,
				2A55633818EA01BE006DA324 /* XCTest.framework */,
			);
			name = Frameworks;
			sourceTree = "<group>";
		};
		2A55631F18EA01BE006DA324 /* BeaconReceiver */ = {
			isa = PBXGroup;
			children = (
				2A55632818EA01BE006DA324 /* AppDelegate.h */,
				2A55632918EA01BE006DA324 /* AppDelegate.m */,
				2A55632B18EA01BE006DA324 /* Main.storyboard */,
				2A55632E18EA01BE006DA324 /* ViewController.h */,
				2A55632F18EA01BE006DA324 /* ViewController.m */,
				2A55633118EA01BE006DA324 /* Images.xcassets */,
				2A55632018EA01BE006DA324 /* Supporting Files */,
			);
			path = BeaconReceiver;
			sourceTree = "<group>";
		};
		2A55632018EA01BE006DA324 /* Supporting Files */ = {
			isa = PBXGroup;
			children = (
				2A55632118EA01BE006DA324 /* BeaconReceiver-Info.plist */,
				2A55632218EA01BE006DA324 /* InfoPlist.strings */,
				2A55632518EA01BE006DA324 /* main.m */,
				2A55632718EA01BE006DA324 /* BeaconReceiver-Prefix.pch */,
			);
			name = "Supporting Files";
			sourceTree = "<group>";
		};
		2A55633E18EA01BE006DA324 /* BeaconReceiverTests */ = {
			isa = PBXGroup;
			children = (
				2A55634418EA01BE006DA324 /* BeaconReceiverTests.m */,
				2A55633F18EA01BE006DA324 /* Supporting Files */,
			);
			path = BeaconReceiverTests;
			sourceTree = "<group>";
		};
		2A55633F18EA01BE006DA324 /* Supporting Files */ = {
			isa = PBXGroup;
			children = (
				2A55634018EA01BE006DA324 /* BeaconReceiverTests-Info.plist */,
				2A55634118EA01BE006DA324 /* InfoPlist.strings */,
			);
			name = "Supporting Files";
			sourceTree = "<group>";
		};
/* End PBXGroup section */

/* Begin PBXNativeTarget section */
		2A55631518EA01BE006DA324 /* BeaconReceiver */ = {
			isa = PBXNativeTarget;
			buildConfigurationList = 2A55634818EA01BE006DA324 /* Build configuration list for PBXNativeTarget "BeaconReceiver" */;
			buildPhases = (
				2A55631218EA01BE006DA324 /* Sources */,
				2A55631318EA01BE006DA324 /* Frameworks */,
				2A55631418EA01BE006DA324 /* Resources */,
			);
			buildRules = (
			);
			dependencies = (
			);
			name = BeaconReceiver;
			productName = BeaconReceiver;
			productReference = 2A55631618EA01BE006DA324 /* BeaconReceiver.app */;
			productType = "com.apple.product-type.application";
		};
		2A55633618EA01BE006DA324 /* BeaconReceiverTests */ = {
			isa = PBXNativeTarget;
			buildConfigurationList = 2A55634B18EA01BE006DA324 /* Build configuration list for PBXNativeTarget "BeaconReceiverTests" */;
			buildPhases = (
				2A55633318EA01BE006DA324 /* Sources */,
				2A55633418EA01BE006DA324 /* Frameworks */,
				2A55633518EA01BE006DA324 /* Resources */,
			);
			buildRules = (
			);
			dependencies = (
				2A55633D18EA01BE006DA324 /* PBXTargetDependency */,
			);
			name = BeaconReceiverTests;
			productName = BeaconReceiverTests;
			productReference = 2A55633718EA01BE006DA324 /* BeaconReceiverTests.xctest */;
			productType = "com.apple.product-type.bundle.unit-test";
		};
/* End PBXNativeTarget section */

/* Begin PBXProject section */
		2A55630E18EA01BE006DA324 /* Project object */ = {
			isa = PBXProject;
			attributes = {
				LastUpgradeCheck = 0510;
				ORGANIZATIONNAME = "Gal Cohen";
				TargetAttributes = {
					2A55633618EA01BE006DA324 = {
						TestTargetID = 2A55631518EA01BE006DA324;
					};
				};
			};
			buildConfigurationList = 2A55631118EA01BE006DA324 /* Build configuration list for PBXProject "BeaconReceiver" */;
			compatibilityVersion = "Xcode 3.2";
			developmentRegion = English;
			hasScannedForEncodings = 0;
			knownRegions = (
				en,
				Base,
			);
			mainGroup = 2A55630D18EA01BE006DA324;
			productRefGroup = 2A55631718EA01BE006DA324 /* Products */;
			projectDirPath = "";
			projectRoot = "";
			targets = (
				2A55631518EA01BE006DA324 /* BeaconReceiver */,
				2A55633618EA01BE006DA324 /* BeaconReceiverTests */,
			);
		};
/* End PBXProject section */

/* Begin PBXResourcesBuildPhase section */
		2A55631418EA01BE006DA324 /* Resources */ = {
			isa = PBXResourcesBuildPhase;
			buildActionMask = 2147483647;
			files = (
				2A55633218EA01BE006DA324 /* Images.xcassets in Resources */,
				2A55632418EA01BE006DA324 /* InfoPlist.strings in Resources */,
				2A55632D18EA01BE006DA324 /* Main.storyboard in Resources */,
			);
			runOnlyForDeploymentPostprocessing = 0;
		};
		2A55633518EA01BE006DA324 /* Resources */ = {
			isa = PBXResourcesBuildPhase;
			buildActionMask = 2147483647;
			files = (
				2A55634318EA01BE006DA324 /* InfoPlist.strings in Resources */,
			);
			runOnlyForDeploymentPostprocessing = 0;
		};
/* End PBXResourcesBuildPhase section */

/* Begin PBXSourcesBuildPhase section */
		2A55631218EA01BE006DA324 /* Sources */ = {
			isa = PBXSourcesBuildPhase;
			buildActionMask = 2147483647;
			files = (
				2A55633018EA01BE006DA324 /* ViewController.m in Sources */,
				2A55632A18EA01BE006DA324 /* AppDelegate.m in Sources */,
				2A55632618EA01BE006DA324 /* main.m in Sources */,
			);
			runOnlyForDeploymentPostprocessing = 0;
		};
		2A55633318EA01BE006DA324 /* Sources */ = {
			isa = PBXSourcesBuildPhase;
			buildActionMask = 2147483647;
			files = (
				2A55634518EA01BE006DA324 /* BeaconReceiverTests.m in Sources */,
			);
			runOnlyForDeploymentPostprocessing = 0;
		};
/* End PBXSourcesBuildPhase section */

/* Begin PBXTargetDependency section */
		2A55633D18EA01BE006DA324 /* PBXTargetDependency */ = {
			isa = PBXTargetDependency;
			target = 2A55631518EA01BE006DA324 /* BeaconReceiver */;
			targetProxy = 2A55633C18EA01BE006DA324 /* PBXContainerItemProxy */;
		};
/* End PBXTargetDependency section */

/* Begin PBXVariantGroup section */
		2A55632218EA01BE006DA324 /* InfoPlist.strings */ = {
			isa = PBXVariantGroup;
			children = (
				2A55632318EA01BE006DA324 /* en */,
			);
			name = InfoPlist.strings;
			sourceTree = "<group>";
		};
		2A55632B18EA01BE006DA324 /* Main.storyboard */ = {
			isa = PBXVariantGroup;
			children = (
				2A55632C18EA01BE006DA324 /* Base */,
			);
			name = Main.storyboard;
			sourceTree = "<group>";
		};
		2A55634118EA01BE006DA324 /* InfoPlist.strings */ = {
			isa = PBXVariantGroup;
			children = (
				2A55634218EA01BE006DA324 /* en */,
			);
			name = InfoPlist.strings;
			sourceTree = "<group>";
		};
/* End PBXVariantGroup section */

/* Begin XCBuildConfiguration section */
		2A55634618EA01BE006DA324 /* Debug */ = {
			isa = XCBuildConfiguration;
			buildSettings = {
				ALWAYS_SEARCH_USER_PATHS = NO;
				CLANG_CXX_LANGUAGE_STANDARD = "gnu++0x";
				CLANG_CXX_LIBRARY = "libc++";
				CLANG_ENABLE_MODULES = YES;
				CLANG_ENABLE_OBJC_ARC = YES;
				CLANG_WARN_BOOL_CONVERSION = YES;
				CLANG_WARN_CONSTANT_CONVERSION = YES;
				CLANG_WARN_DIRECT_OBJC_ISA_USAGE = YES_ERROR;
				CLANG_WARN_EMPTY_BODY = YES;
				CLANG_WARN_ENUM_CONVERSION = YES;
				CLANG_WARN_INT_CONVERSION = YES;
				CLANG_WARN_OBJC_ROOT_CLASS = YES_ERROR;
				CLANG_WARN__DUPLICATE_METHOD_MATCH = YES;
				"CODE_SIGN_IDENTITY[sdk=iphoneos*]" = "iPhone Developer";
				COPY_PHASE_STRIP = NO;
				GCC_C_LANGUAGE_STANDARD = gnu99;
				GCC_DYNAMIC_NO_PIC = NO;
				GCC_OPTIMIZATION_LEVEL = 0;
				GCC_PREPROCESSOR_DEFINITIONS = (
					"DEBUG=1",
					"$(inherited)",
				);
				GCC_SYMBOLS_PRIVATE_EXTERN = NO;
				GCC_WARN_64_TO_32_BIT_CONVERSION = YES;
				GCC_WARN_ABOUT_RETURN_TYPE = YES_ERROR;
				GCC_WARN_UNDECLARED_SELECTOR = YES;
				GCC_WARN_UNINITIALIZED_AUTOS = YES_AGGRESSIVE;
				GCC_WARN_UNUSED_FUNCTION = YES;
				GCC_WARN_UNUSED_VARIABLE = YES;
				IPHONEOS_DEPLOYMENT_TARGET = 7.1;
				ONLY_ACTIVE_ARCH = YES;
				SDKROOT = iphoneos;
			};
			name = Debug;
		};
		2A55634718EA01BE006DA324 /* Release */ = {
			isa = XCBuildConfiguration;
			buildSettings = {
				ALWAYS_SEARCH_USER_PATHS = NO;
				CLANG_CXX_LANGUAGE_STANDARD = "gnu++0x";
				CLANG_CXX_LIBRARY = "libc++";
				CLANG_ENABLE_MODULES = YES;
				CLANG_ENABLE_OBJC_ARC = YES;
				CLANG_WARN_BOOL_CONVERSION = YES;
				CLANG_WARN_CONSTANT_CONVERSION = YES;
				CLANG_WARN_DIRECT_OBJC_ISA_USAGE = YES_ERROR;
				CLANG_WARN_EMPTY_BODY = YES;
				CLANG_WARN_ENUM_CONVERSION = YES;
				CLANG_WARN_INT_CONVERSION = YES;
				CLANG_WARN_OBJC_ROOT_CLASS = YES_ERROR;
				CLANG_WARN__DUPLICATE_METHOD_MATCH = YES;
				"CODE_SIGN_IDENTITY[sdk=iphoneos*]" = "iPhone Developer";
				COPY_PHASE_STRIP = YES;
				ENABLE_NS_ASSERTIONS = NO;
				GCC_C_LANGUAGE_STANDARD = gnu99;
				GCC_WARN_64_TO_32_BIT_CONVERSION = YES;
				GCC_WARN_ABOUT_RETURN_TYPE = YES_ERROR;
				GCC_WARN_UNDECLARED_SELECTOR = YES;
				GCC_WARN_UNINITIALIZED_AUTOS = YES_AGGRESSIVE;
				GCC_WARN_UNUSED_FUNCTION = YES;
				GCC_WARN_UNUSED_VARIABLE = YES;
				IPHONEOS_DEPLOYMENT_TARGET = 7.1;
				SDKROOT = iphoneos;
				VALIDATE_PRODUCT = YES;
			};
			name = Release;
		};
		2A55634918EA01BE006DA324 /* Debug */ = {
			isa = XCBuildConfiguration;
			buildSettings = {
				ASSETCATALOG_COMPILER_APPICON_NAME = AppIcon;
				ASSETCATALOG_COMPILER_LAUNCHIMAGE_NAME = LaunchImage;
				GCC_PRECOMPILE_PREFIX_HEADER = YES;
				GCC_PREFIX_HEADER = "BeaconReceiver/BeaconReceiver-Prefix.pch";
				INFOPLIST_FILE = "BeaconReceiver/BeaconReceiver-Info.plist";
				PRODUCT_NAME = "$(TARGET_NAME)";
				WRAPPER_EXTENSION = app;
			};
			name = Debug;
		};
		2A55634A18EA01BE006DA324 /* Release */ = {
			isa = XCBuildConfiguration;
			buildSettings = {
				ASSETCATALOG_COMPILER_APPICON_NAME = AppIcon;
				ASSETCATALOG_COMPILER_LAUNCHIMAGE_NAME = LaunchImage;
				GCC_PRECOMPILE_PREFIX_HEADER = YES;
				GCC_PREFIX_HEADER = "BeaconReceiver/BeaconReceiver-Prefix.pch";
				INFOPLIST_FILE = "BeaconReceiver/BeaconReceiver-Info.plist";
				PRODUCT_NAME = "$(TARGET_NAME)";
				WRAPPER_EXTENSION = app;
			};
			name = Release;
		};
		2A55634C18EA01BE006DA324 /* Debug */ = {
			isa = XCBuildConfiguration;
			buildSettings = {
				BUNDLE_LOADER = "$(BUILT_PRODUCTS_DIR)/BeaconReceiver.app/BeaconReceiver";
				FRAMEWORK_SEARCH_PATHS = (
					"$(SDKROOT)/Developer/Library/Frameworks",
					"$(inherited)",
					"$(DEVELOPER_FRAMEWORKS_DIR)",
				);
				GCC_PRECOMPILE_PREFIX_HEADER = YES;
				GCC_PREFIX_HEADER = "BeaconReceiver/BeaconReceiver-Prefix.pch";
				GCC_PREPROCESSOR_DEFINITIONS = (
					"DEBUG=1",
					"$(inherited)",
				);
				INFOPLIST_FILE = "BeaconReceiverTests/BeaconReceiverTests-Info.plist";
				PRODUCT_NAME = "$(TARGET_NAME)";
				TEST_HOST = "$(BUNDLE_LOADER)";
				WRAPPER_EXTENSION = xctest;
			};
			name = Debug;
		};
		2A55634D18EA01BE006DA324 /* Release */ = {
			isa = XCBuildConfiguration;
			buildSettings = {
				BUNDLE_LOADER = "$(BUILT_PRODUCTS_DIR)/BeaconReceiver.app/BeaconReceiver";
				FRAMEWORK_SEARCH_PATHS = (
					"$(SDKROOT)/Developer/Library/Frameworks",
					"$(inherited)",
					"$(DEVELOPER_FRAMEWORKS_DIR)",
				);
				GCC_PRECOMPILE_PREFIX_HEADER = YES;
				GCC_PREFIX_HEADER = "BeaconReceiver/BeaconReceiver-Prefix.pch";
				INFOPLIST_FILE = "BeaconReceiverTests/BeaconReceiverTests-Info.plist";
				PRODUCT_NAME = "$(TARGET_NAME)";
				TEST_HOST = "$(BUNDLE_LOADER)";
				WRAPPER_EXTENSION = xctest;
			};
			name = Release;
		};
/* End XCBuildConfiguration section */

/* Begin XCConfigurationList section */
		2A55631118EA01BE006DA324 /* Build configuration list for PBXProject "BeaconReceiver" */ = {
			isa = XCConfigurationList;
			buildConfigurations = (
				2A55634618EA01BE006DA324 /* Debug */,
				2A55634718EA01BE006DA324 /* Release */,
			);
			defaultConfigurationIsVisible = 0;
			defaultConfigurationName = Release;
		};
		2A55634818EA01BE006DA324 /* Build configuration list for PBXNativeTarget "BeaconReceiver" */ = {
			isa = XCConfigurationList;
			buildConfigurations = (
				2A55634918EA01BE006DA324 /* Debug */,
				2A55634A18EA01BE006DA324 /* Release */,
			);
			defaultConfigurationIsVisible = 0;
		};
		2A55634B18EA01BE006DA324 /* Build configuration list for PBXNativeTarget "BeaconReceiverTests" */ = {
			isa = XCConfigurationList;
			buildConfigurations = (
				2A55634C18EA01BE006DA324 /* Debug */,
				2A55634D18EA01BE006DA324 /* Release */,
			);
			defaultConfigurationIsVisible = 0;
		};
/* End XCConfigurationList section */
	};
	rootObject = 2A55630E18EA01BE006DA324 /* Project object */;
}
