// !$*UTF8*$!
{
	archiveVersion = 1;
	classes = {
	};
	objectVersion = 46;
	objects = {

/* Begin PBXBuildFile section */
		2A56824618B51AA600DDCDAB /* Foundation.framework in Frameworks */ = {isa = PBXBuildFile; fileRef = 2A56824518B51AA600DDCDAB /* Foundation.framework */; };
		2A56824818B51AA600DDCDAB /* CoreGraphics.framework in Frameworks */ = {isa = PBXBuildFile; fileRef = 2A56824718B51AA600DDCDAB /* CoreGraphics.framework */; };
		2A56824A18B51AA600DDCDAB /* UIKit.framework in Frameworks */ = {isa = PBXBuildFile; fileRef = 2A56824918B51AA600DDCDAB /* UIKit.framework */; };
		2A56825018B51AA600DDCDAB /* InfoPlist.strings in Resources */ = {isa = PBXBuildFile; fileRef = 2A56824E18B51AA600DDCDAB /* InfoPlist.strings */; };
		2A56825218B51AA600DDCDAB /* main.m in Sources */ = {isa = PBXBuildFile; fileRef = 2A56825118B51AA600DDCDAB /* main.m */; };
		2A56825618B51AA600DDCDAB /* AppDelegate.m in Sources */ = {isa = PBXBuildFile; fileRef = 2A56825518B51AA600DDCDAB /* AppDelegate.m */; };
		2A56825918B51AA600DDCDAB /* Main.storyboard in Resources */ = {isa = PBXBuildFile; fileRef = 2A56825718B51AA600DDCDAB /* Main.storyboard */; };
		2A56825C18B51AA600DDCDAB /* ViewController.m in Sources */ = {isa = PBXBuildFile; fileRef = 2A56825B18B51AA600DDCDAB /* ViewController.m */; };
		2A56825E18B51AA600DDCDAB /* Images.xcassets in Resources */ = {isa = PBXBuildFile; fileRef = 2A56825D18B51AA600DDCDAB /* Images.xcassets */; };
		2A56826518B51AA600DDCDAB /* XCTest.framework in Frameworks */ = {isa = PBXBuildFile; fileRef = 2A56826418B51AA600DDCDAB /* XCTest.framework */; };
		2A56826618B51AA600DDCDAB /* Foundation.framework in Frameworks */ = {isa = PBXBuildFile; fileRef = 2A56824518B51AA600DDCDAB /* Foundation.framework */; };
		2A56826718B51AA600DDCDAB /* UIKit.framework in Frameworks */ = {isa = PBXBuildFile; fileRef = 2A56824918B51AA600DDCDAB /* UIKit.framework */; };
		2A56826F18B51AA600DDCDAB /* InfoPlist.strings in Resources */ = {isa = PBXBuildFile; fileRef = 2A56826D18B51AA600DDCDAB /* InfoPlist.strings */; };
		2A56827118B51AA600DDCDAB /* FlickrSearchTests.m in Sources */ = {isa = PBXBuildFile; fileRef = 2A56827018B51AA600DDCDAB /* FlickrSearchTests.m */; };
		2A56827F18B51ABB00DDCDAB /* Flickr.m in Sources */ = {isa = PBXBuildFile; fileRef = 2A56827C18B51ABB00DDCDAB /* Flickr.m */; };
		2A56828018B51ABB00DDCDAB /* FlickrPhoto.m in Sources */ = {isa = PBXBuildFile; fileRef = 2A56827E18B51ABB00DDCDAB /* FlickrPhoto.m */; };
		2A56829618B51AC500DDCDAB /* bg_cork.png in Resources */ = {isa = PBXBuildFile; fileRef = 2A56828218B51AC500DDCDAB /* bg_cork.png */; };
		2A56829718B51AC500DDCDAB /* bg_cork@2x.png in Resources */ = {isa = PBXBuildFile; fileRef = 2A56828318B51AC500DDCDAB /* bg_cork@2x.png */; };
		2A56829818B51AC500DDCDAB /* button.png in Resources */ = {isa = PBXBuildFile; fileRef = 2A56828418B51AC500DDCDAB /* button.png */; };
		2A56829918B51AC500DDCDAB /* button@2x.png in Resources */ = {isa = PBXBuildFile; fileRef = 2A56828518B51AC500DDCDAB /* button@2x.png */; };
		2A56829A18B51AC500DDCDAB /* decoration_snail.png in Resources */ = {isa = PBXBuildFile; fileRef = 2A56828618B51AC500DDCDAB /* decoration_snail.png */; };
		2A56829B18B51AC500DDCDAB /* decoration_snail@2x.png in Resources */ = {isa = PBXBuildFile; fileRef = 2A56828718B51AC500DDCDAB /* decoration_snail@2x.png */; };
		2A56829C18B51AC500DDCDAB /* divider_bar.png in Resources */ = {isa = PBXBuildFile; fileRef = 2A56828818B51AC500DDCDAB /* divider_bar.png */; };
		2A56829D18B51AC500DDCDAB /* divider_bar@2x.png in Resources */ = {isa = PBXBuildFile; fileRef = 2A56828918B51AC500DDCDAB /* divider_bar@2x.png */; };
		2A56829E18B51AC500DDCDAB /* header_bg.png in Resources */ = {isa = PBXBuildFile; fileRef = 2A56828A18B51AC500DDCDAB /* header_bg.png */; };
		2A56829F18B51AC500DDCDAB /* header_bg@2x.png in Resources */ = {isa = PBXBuildFile; fileRef = 2A56828B18B51AC500DDCDAB /* header_bg@2x.png */; };
		2A5682A018B51AC500DDCDAB /* navbar.png in Resources */ = {isa = PBXBuildFile; fileRef = 2A56828C18B51AC500DDCDAB /* navbar.png */; };
		2A5682A118B51AC500DDCDAB /* navbar@2x.png in Resources */ = {isa = PBXBuildFile; fileRef = 2A56828D18B51AC500DDCDAB /* navbar@2x.png */; };
		2A5682A218B51AC500DDCDAB /* polaroid1_border.png in Resources */ = {isa = PBXBuildFile; fileRef = 2A56828E18B51AC500DDCDAB /* polaroid1_border.png */; };
		2A5682A318B51AC500DDCDAB /* polaroid1_border@2x.png in Resources */ = {isa = PBXBuildFile; fileRef = 2A56828F18B51AC500DDCDAB /* polaroid1_border@2x.png */; };
		2A5682A418B51AC500DDCDAB /* pushpin.png in Resources */ = {isa = PBXBuildFile; fileRef = 2A56829018B51AC500DDCDAB /* pushpin.png */; };
		2A5682A518B51AC500DDCDAB /* pushpin@2x.png in Resources */ = {isa = PBXBuildFile; fileRef = 2A56829118B51AC500DDCDAB /* pushpin@2x.png */; };
		2A5682A618B51AC500DDCDAB /* search_field.png in Resources */ = {isa = PBXBuildFile; fileRef = 2A56829218B51AC500DDCDAB /* search_field.png */; };
		2A5682A718B51AC500DDCDAB /* search_field@2x.png in Resources */ = {isa = PBXBuildFile; fileRef = 2A56829318B51AC500DDCDAB /* search_field@2x.png */; };
		2A5682A818B51AC500DDCDAB /* search_text.png in Resources */ = {isa = PBXBuildFile; fileRef = 2A56829418B51AC500DDCDAB /* search_text.png */; };
		2A5682A918B51AC500DDCDAB /* search_text@2x.png in Resources */ = {isa = PBXBuildFile; fileRef = 2A56829518B51AC500DDCDAB /* search_text@2x.png */; };
		2A5682AC18B53A4700DDCDAB /* FlickrPhotoCell.m in Sources */ = {isa = PBXBuildFile; fileRef = 2A5682AB18B53A4700DDCDAB /* FlickrPhotoCell.m */; };
		2A5682AF18B5597600DDCDAB /* FlickrPhotoHeaderView.m in Sources */ = {isa = PBXBuildFile; fileRef = 2A5682AE18B5597600DDCDAB /* FlickrPhotoHeaderView.m */; };
		2A5682B218B5654000DDCDAB /* FlickrPhotoViewController.m in Sources */ = {isa = PBXBuildFile; fileRef = 2A5682B118B5654000DDCDAB /* FlickrPhotoViewController.m */; };
/* End PBXBuildFile section */

/* Begin PBXContainerItemProxy section */
		2A56826818B51AA600DDCDAB /* PBXContainerItemProxy */ = {
			isa = PBXContainerItemProxy;
			containerPortal = 2A56823A18B51AA600DDCDAB /* Project object */;
			proxyType = 1;
			remoteGlobalIDString = 2A56824118B51AA600DDCDAB;
			remoteInfo = FlickrSearch;
		};
/* End PBXContainerItemProxy section */

/* Begin PBXFileReference section */
		2A56824218B51AA600DDCDAB /* FlickrSearch.app */ = {isa = PBXFileReference; explicitFileType = wrapper.application; includeInIndex = 0; path = FlickrSearch.app; sourceTree = BUILT_PRODUCTS_DIR; };
		2A56824518B51AA600DDCDAB /* Foundation.framework */ = {isa = PBXFileReference; lastKnownFileType = wrapper.framework; name = Foundation.framework; path = System/Library/Frameworks/Foundation.framework; sourceTree = SDKROOT; };
		2A56824718B51AA600DDCDAB /* CoreGraphics.framework */ = {isa = PBXFileReference; lastKnownFileType = wrapper.framework; name = CoreGraphics.framework; path = System/Library/Frameworks/CoreGraphics.framework; sourceTree = SDKROOT; };
		2A56824918B51AA600DDCDAB /* UIKit.framework */ = {isa = PBXFileReference; lastKnownFileType = wrapper.framework; name = UIKit.framework; path = System/Library/Frameworks/UIKit.framework; sourceTree = SDKROOT; };
		2A56824D18B51AA600DDCDAB /* FlickrSearch-Info.plist */ = {isa = PBXFileReference; lastKnownFileType = text.plist.xml; path = "FlickrSearch-Info.plist"; sourceTree = "<group>"; };
		2A56824F18B51AA600DDCDAB /* en */ = {isa = PBXFileReference; lastKnownFileType = text.plist.strings; name = en; path = en.lproj/InfoPlist.strings; sourceTree = "<group>"; };
		2A56825118B51AA600DDCDAB /* main.m */ = {isa = PBXFileReference; lastKnownFileType = sourcecode.c.objc; path = main.m; sourceTree = "<group>"; };
		2A56825318B51AA600DDCDAB /* FlickrSearch-Prefix.pch */ = {isa = PBXFileReference; lastKnownFileType = sourcecode.c.h; path = "FlickrSearch-Prefix.pch"; sourceTree = "<group>"; };
		2A56825418B51AA600DDCDAB /* AppDelegate.h */ = {isa = PBXFileReference; lastKnownFileType = sourcecode.c.h; path = AppDelegate.h; sourceTree = "<group>"; };
		2A56825518B51AA600DDCDAB /* AppDelegate.m */ = {isa = PBXFileReference; lastKnownFileType = sourcecode.c.objc; path = AppDelegate.m; sourceTree = "<group>"; };
		2A56825818B51AA600DDCDAB /* Base */ = {isa = PBXFileReference; lastKnownFileType = file.storyboard; name = Base; path = Base.lproj/Main.storyboard; sourceTree = "<group>"; };
		2A56825A18B51AA600DDCDAB /* ViewController.h */ = {isa = PBXFileReference; lastKnownFileType = sourcecode.c.h; path = ViewController.h; sourceTree = "<group>"; };
		2A56825B18B51AA600DDCDAB /* ViewController.m */ = {isa = PBXFileReference; lastKnownFileType = sourcecode.c.objc; path = ViewController.m; sourceTree = "<group>"; };
		2A56825D18B51AA600DDCDAB /* Images.xcassets */ = {isa = PBXFileReference; lastKnownFileType = folder.assetcatalog; path = Images.xcassets; sourceTree = "<group>"; };
		2A56826318B51AA600DDCDAB /* FlickrSearchTests.xctest */ = {isa = PBXFileReference; explicitFileType = wrapper.cfbundle; includeInIndex = 0; path = FlickrSearchTests.xctest; sourceTree = BUILT_PRODUCTS_DIR; };
		2A56826418B51AA600DDCDAB /* XCTest.framework */ = {isa = PBXFileReference; lastKnownFileType = wrapper.framework; name = XCTest.framework; path = Library/Frameworks/XCTest.framework; sourceTree = DEVELOPER_DIR; };
		2A56826C18B51AA600DDCDAB /* FlickrSearchTests-Info.plist */ = {isa = PBXFileReference; lastKnownFileType = text.plist.xml; path = "FlickrSearchTests-Info.plist"; sourceTree = "<group>"; };
		2A56826E18B51AA600DDCDAB /* en */ = {isa = PBXFileReference; lastKnownFileType = text.plist.strings; name = en; path = en.lproj/InfoPlist.strings; sourceTree = "<group>"; };
		2A56827018B51AA600DDCDAB /* FlickrSearchTests.m */ = {isa = PBXFileReference; lastKnownFileType = sourcecode.c.objc; path = FlickrSearchTests.m; sourceTree = "<group>"; };
		2A56827B18B51ABB00DDCDAB /* Flickr.h */ = {isa = PBXFileReference; fileEncoding = 4; lastKnownFileType = sourcecode.c.h; path = Flickr.h; sourceTree = "<group>"; };
		2A56827C18B51ABB00DDCDAB /* Flickr.m */ = {isa = PBXFileReference; fileEncoding = 4; lastKnownFileType = sourcecode.c.objc; path = Flickr.m; sourceTree = "<group>"; };
		2A56827D18B51ABB00DDCDAB /* FlickrPhoto.h */ = {isa = PBXFileReference; fileEncoding = 4; lastKnownFileType = sourcecode.c.h; path = FlickrPhoto.h; sourceTree = "<group>"; };
		2A56827E18B51ABB00DDCDAB /* FlickrPhoto.m */ = {isa = PBXFileReference; fileEncoding = 4; lastKnownFileType = sourcecode.c.objc; path = FlickrPhoto.m; sourceTree = "<group>"; };
		2A56828218B51AC500DDCDAB /* bg_cork.png */ = {isa = PBXFileReference; lastKnownFileType = image.png; path = bg_cork.png; sourceTree = "<group>"; };
		2A56828318B51AC500DDCDAB /* bg_cork@2x.png */ = {isa = PBXFileReference; lastKnownFileType = image.png; path = "bg_cork@2x.png"; sourceTree = "<group>"; };
		2A56828418B51AC500DDCDAB /* button.png */ = {isa = PBXFileReference; lastKnownFileType = image.png; path = button.png; sourceTree = "<group>"; };
		2A56828518B51AC500DDCDAB /* button@2x.png */ = {isa = PBXFileReference; lastKnownFileType = image.png; path = "button@2x.png"; sourceTree = "<group>"; };
		2A56828618B51AC500DDCDAB /* decoration_snail.png */ = {isa = PBXFileReference; lastKnownFileType = image.png; path = decoration_snail.png; sourceTree = "<group>"; };
		2A56828718B51AC500DDCDAB /* decoration_snail@2x.png */ = {isa = PBXFileReference; lastKnownFileType = image.png; path = "decoration_snail@2x.png"; sourceTree = "<group>"; };
		2A56828818B51AC500DDCDAB /* divider_bar.png */ = {isa = PBXFileReference; lastKnownFileType = image.png; path = divider_bar.png; sourceTree = "<group>"; };
		2A56828918B51AC500DDCDAB /* divider_bar@2x.png */ = {isa = PBXFileReference; lastKnownFileType = image.png; path = "divider_bar@2x.png"; sourceTree = "<group>"; };
		2A56828A18B51AC500DDCDAB /* header_bg.png */ = {isa = PBXFileReference; lastKnownFileType = image.png; path = header_bg.png; sourceTree = "<group>"; };
		2A56828B18B51AC500DDCDAB /* header_bg@2x.png */ = {isa = PBXFileReference; lastKnownFileType = image.png; path = "header_bg@2x.png"; sourceTree = "<group>"; };
		2A56828C18B51AC500DDCDAB /* navbar.png */ = {isa = PBXFileReference; lastKnownFileType = image.png; path = navbar.png; sourceTree = "<group>"; };
		2A56828D18B51AC500DDCDAB /* navbar@2x.png */ = {isa = PBXFileReference; lastKnownFileType = image.png; path = "navbar@2x.png"; sourceTree = "<group>"; };
		2A56828E18B51AC500DDCDAB /* polaroid1_border.png */ = {isa = PBXFileReference; lastKnownFileType = image.png; path = polaroid1_border.png; sourceTree = "<group>"; };
		2A56828F18B51AC500DDCDAB /* polaroid1_border@2x.png */ = {isa = PBXFileReference; lastKnownFileType = image.png; path = "polaroid1_border@2x.png"; sourceTree = "<group>"; };
		2A56829018B51AC500DDCDAB /* pushpin.png */ = {isa = PBXFileReference; lastKnownFileType = image.png; path = pushpin.png; sourceTree = "<group>"; };
		2A56829118B51AC500DDCDAB /* pushpin@2x.png */ = {isa = PBXFileReference; lastKnownFileType = image.png; path = "pushpin@2x.png"; sourceTree = "<group>"; };
		2A56829218B51AC500DDCDAB /* search_field.png */ = {isa = PBXFileReference; lastKnownFileType = image.png; path = search_field.png; sourceTree = "<group>"; };
		2A56829318B51AC500DDCDAB /* search_field@2x.png */ = {isa = PBXFileReference; lastKnownFileType = image.png; path = "search_field@2x.png"; sourceTree = "<group>"; };
		2A56829418B51AC500DDCDAB /* search_text.png */ = {isa = PBXFileReference; lastKnownFileType = image.png; path = search_text.png; sourceTree = "<group>"; };
		2A56829518B51AC500DDCDAB /* search_text@2x.png */ = {isa = PBXFileReference; lastKnownFileType = image.png; path = "search_text@2x.png"; sourceTree = "<group>"; };
		2A5682AA18B53A4700DDCDAB /* FlickrPhotoCell.h */ = {isa = PBXFileReference; fileEncoding = 4; lastKnownFileType = sourcecode.c.h; path = FlickrPhotoCell.h; sourceTree = "<group>"; };
		2A5682AB18B53A4700DDCDAB /* FlickrPhotoCell.m */ = {isa = PBXFileReference; fileEncoding = 4; lastKnownFileType = sourcecode.c.objc; path = FlickrPhotoCell.m; sourceTree = "<group>"; };
		2A5682AD18B5597600DDCDAB /* FlickrPhotoHeaderView.h */ = {isa = PBXFileReference; fileEncoding = 4; lastKnownFileType = sourcecode.c.h; path = FlickrPhotoHeaderView.h; sourceTree = "<group>"; };
		2A5682AE18B5597600DDCDAB /* FlickrPhotoHeaderView.m */ = {isa = PBXFileReference; fileEncoding = 4; lastKnownFileType = sourcecode.c.objc; path = FlickrPhotoHeaderView.m; sourceTree = "<group>"; };
		2A5682B018B5654000DDCDAB /* FlickrPhotoViewController.h */ = {isa = PBXFileReference; fileEncoding = 4; lastKnownFileType = sourcecode.c.h; path = FlickrPhotoViewController.h; sourceTree = "<group>"; };
		2A5682B118B5654000DDCDAB /* FlickrPhotoViewController.m */ = {isa = PBXFileReference; fileEncoding = 4; lastKnownFileType = sourcecode.c.objc; path = FlickrPhotoViewController.m; sourceTree = "<group>"; };
/* End PBXFileReference section */

/* Begin PBXFrameworksBuildPhase section */
		2A56823F18B51AA600DDCDAB /* Frameworks */ = {
			isa = PBXFrameworksBuildPhase;
			buildActionMask = 2147483647;
			files = (
				2A56824818B51AA600DDCDAB /* CoreGraphics.framework in Frameworks */,
				2A56824A18B51AA600DDCDAB /* UIKit.framework in Frameworks */,
				2A56824618B51AA600DDCDAB /* Foundation.framework in Frameworks */,
			);
			runOnlyForDeploymentPostprocessing = 0;
		};
		2A56826018B51AA600DDCDAB /* Frameworks */ = {
			isa = PBXFrameworksBuildPhase;
			buildActionMask = 2147483647;
			files = (
				2A56826518B51AA600DDCDAB /* XCTest.framework in Frameworks */,
				2A56826718B51AA600DDCDAB /* UIKit.framework in Frameworks */,
				2A56826618B51AA600DDCDAB /* Foundation.framework in Frameworks */,
			);
			runOnlyForDeploymentPostprocessing = 0;
		};
/* End PBXFrameworksBuildPhase section */

/* Begin PBXGroup section */
		2A56823918B51AA600DDCDAB = {
			isa = PBXGroup;
			children = (
				2A56824B18B51AA600DDCDAB /* FlickrSearch */,
				2A56826A18B51AA600DDCDAB /* FlickrSearchTests */,
				2A56824418B51AA600DDCDAB /* Frameworks */,
				2A56824318B51AA600DDCDAB /* Products */,
			);
			sourceTree = "<group>";
		};
		2A56824318B51AA600DDCDAB /* Products */ = {
			isa = PBXGroup;
			children = (
				2A56824218B51AA600DDCDAB /* FlickrSearch.app */,
				2A56826318B51AA600DDCDAB /* FlickrSearchTests.xctest */,
			);
			name = Products;
			sourceTree = "<group>";
		};
		2A56824418B51AA600DDCDAB /* Frameworks */ = {
			isa = PBXGroup;
			children = (
				2A56824518B51AA600DDCDAB /* Foundation.framework */,
				2A56824718B51AA600DDCDAB /* CoreGraphics.framework */,
				2A56824918B51AA600DDCDAB /* UIKit.framework */,
				2A56826418B51AA600DDCDAB /* XCTest.framework */,
			);
			name = Frameworks;
			sourceTree = "<group>";
		};
		2A56824B18B51AA600DDCDAB /* FlickrSearch */ = {
			isa = PBXGroup;
			children = (
				2A56828118B51AC500DDCDAB /* Assets */,
				2A56827A18B51ABB00DDCDAB /* Flickr Interface */,
				2A56825418B51AA600DDCDAB /* AppDelegate.h */,
				2A56825518B51AA600DDCDAB /* AppDelegate.m */,
				2A56825718B51AA600DDCDAB /* Main.storyboard */,
				2A5682B018B5654000DDCDAB /* FlickrPhotoViewController.h */,
				2A5682B118B5654000DDCDAB /* FlickrPhotoViewController.m */,
				2A56825A18B51AA600DDCDAB /* ViewController.h */,
				2A56825B18B51AA600DDCDAB /* ViewController.m */,
				2A5682AD18B5597600DDCDAB /* FlickrPhotoHeaderView.h */,
				2A5682AE18B5597600DDCDAB /* FlickrPhotoHeaderView.m */,
				2A5682AA18B53A4700DDCDAB /* FlickrPhotoCell.h */,
				2A5682AB18B53A4700DDCDAB /* FlickrPhotoCell.m */,
				2A56825D18B51AA600DDCDAB /* Images.xcassets */,
				2A56824C18B51AA600DDCDAB /* Supporting Files */,
			);
			path = FlickrSearch;
			sourceTree = "<group>";
		};
		2A56824C18B51AA600DDCDAB /* Supporting Files */ = {
			isa = PBXGroup;
			children = (
				2A56824D18B51AA600DDCDAB /* FlickrSearch-Info.plist */,
				2A56824E18B51AA600DDCDAB /* InfoPlist.strings */,
				2A56825118B51AA600DDCDAB /* main.m */,
				2A56825318B51AA600DDCDAB /* FlickrSearch-Prefix.pch */,
			);
			name = "Supporting Files";
			sourceTree = "<group>";
		};
		2A56826A18B51AA600DDCDAB /* FlickrSearchTests */ = {
			isa = PBXGroup;
			children = (
				2A56827018B51AA600DDCDAB /* FlickrSearchTests.m */,
				2A56826B18B51AA600DDCDAB /* Supporting Files */,
			);
			path = FlickrSearchTests;
			sourceTree = "<group>";
		};
		2A56826B18B51AA600DDCDAB /* Supporting Files */ = {
			isa = PBXGroup;
			children = (
				2A56826C18B51AA600DDCDAB /* FlickrSearchTests-Info.plist */,
				2A56826D18B51AA600DDCDAB /* InfoPlist.strings */,
			);
			name = "Supporting Files";
			sourceTree = "<group>";
		};
		2A56827A18B51ABB00DDCDAB /* Flickr Interface */ = {
			isa = PBXGroup;
			children = (
				2A56827B18B51ABB00DDCDAB /* Flickr.h */,
				2A56827C18B51ABB00DDCDAB /* Flickr.m */,
				2A56827D18B51ABB00DDCDAB /* FlickrPhoto.h */,
				2A56827E18B51ABB00DDCDAB /* FlickrPhoto.m */,
			);
			path = "Flickr Interface";
			sourceTree = "<group>";
		};
		2A56828118B51AC500DDCDAB /* Assets */ = {
			isa = PBXGroup;
			children = (
				2A56828218B51AC500DDCDAB /* bg_cork.png */,
				2A56828318B51AC500DDCDAB /* bg_cork@2x.png */,
				2A56828418B51AC500DDCDAB /* button.png */,
				2A56828518B51AC500DDCDAB /* button@2x.png */,
				2A56828618B51AC500DDCDAB /* decoration_snail.png */,
				2A56828718B51AC500DDCDAB /* decoration_snail@2x.png */,
				2A56828818B51AC500DDCDAB /* divider_bar.png */,
				2A56828918B51AC500DDCDAB /* divider_bar@2x.png */,
				2A56828A18B51AC500DDCDAB /* header_bg.png */,
				2A56828B18B51AC500DDCDAB /* header_bg@2x.png */,
				2A56828C18B51AC500DDCDAB /* navbar.png */,
				2A56828D18B51AC500DDCDAB /* navbar@2x.png */,
				2A56828E18B51AC500DDCDAB /* polaroid1_border.png */,
				2A56828F18B51AC500DDCDAB /* polaroid1_border@2x.png */,
				2A56829018B51AC500DDCDAB /* pushpin.png */,
				2A56829118B51AC500DDCDAB /* pushpin@2x.png */,
				2A56829218B51AC500DDCDAB /* search_field.png */,
				2A56829318B51AC500DDCDAB /* search_field@2x.png */,
				2A56829418B51AC500DDCDAB /* search_text.png */,
				2A56829518B51AC500DDCDAB /* search_text@2x.png */,
			);
			path = Assets;
			sourceTree = "<group>";
		};
/* End PBXGroup section */

/* Begin PBXNativeTarget section */
		2A56824118B51AA600DDCDAB /* FlickrSearch */ = {
			isa = PBXNativeTarget;
			buildConfigurationList = 2A56827418B51AA600DDCDAB /* Build configuration list for PBXNativeTarget "FlickrSearch" */;
			buildPhases = (
				2A56823E18B51AA600DDCDAB /* Sources */,
				2A56823F18B51AA600DDCDAB /* Frameworks */,
				2A56824018B51AA600DDCDAB /* Resources */,
			);
			buildRules = (
			);
			dependencies = (
			);
			name = FlickrSearch;
			productName = FlickrSearch;
			productReference = 2A56824218B51AA600DDCDAB /* FlickrSearch.app */;
			productType = "com.apple.product-type.application";
		};
		2A56826218B51AA600DDCDAB /* FlickrSearchTests */ = {
			isa = PBXNativeTarget;
			buildConfigurationList = 2A56827718B51AA600DDCDAB /* Build configuration list for PBXNativeTarget "FlickrSearchTests" */;
			buildPhases = (
				2A56825F18B51AA600DDCDAB /* Sources */,
				2A56826018B51AA600DDCDAB /* Frameworks */,
				2A56826118B51AA600DDCDAB /* Resources */,
			);
			buildRules = (
			);
			dependencies = (
				2A56826918B51AA600DDCDAB /* PBXTargetDependency */,
			);
			name = FlickrSearchTests;
			productName = FlickrSearchTests;
			productReference = 2A56826318B51AA600DDCDAB /* FlickrSearchTests.xctest */;
			productType = "com.apple.product-type.bundle.unit-test";
		};
/* End PBXNativeTarget section */

/* Begin PBXProject section */
		2A56823A18B51AA600DDCDAB /* Project object */ = {
			isa = PBXProject;
			attributes = {
				LastUpgradeCheck = 0500;
				ORGANIZATIONNAME = "Gal Cohen";
				TargetAttributes = {
					2A56826218B51AA600DDCDAB = {
						TestTargetID = 2A56824118B51AA600DDCDAB;
					};
				};
			};
			buildConfigurationList = 2A56823D18B51AA600DDCDAB /* Build configuration list for PBXProject "FlickrSearch" */;
			compatibilityVersion = "Xcode 3.2";
			developmentRegion = English;
			hasScannedForEncodings = 0;
			knownRegions = (
				en,
				Base,
			);
			mainGroup = 2A56823918B51AA600DDCDAB;
			productRefGroup = 2A56824318B51AA600DDCDAB /* Products */;
			projectDirPath = "";
			projectRoot = "";
			targets = (
				2A56824118B51AA600DDCDAB /* FlickrSearch */,
				2A56826218B51AA600DDCDAB /* FlickrSearchTests */,
			);
		};
/* End PBXProject section */

/* Begin PBXResourcesBuildPhase section */
		2A56824018B51AA600DDCDAB /* Resources */ = {
			isa = PBXResourcesBuildPhase;
			buildActionMask = 2147483647;
			files = (
				2A56825E18B51AA600DDCDAB /* Images.xcassets in Resources */,
				2A56829818B51AC500DDCDAB /* button.png in Resources */,
				2A56829B18B51AC500DDCDAB /* decoration_snail@2x.png in Resources */,
				2A56829618B51AC500DDCDAB /* bg_cork.png in Resources */,
				2A56829718B51AC500DDCDAB /* bg_cork@2x.png in Resources */,
				2A5682A718B51AC500DDCDAB /* search_field@2x.png in Resources */,
				2A5682A018B51AC500DDCDAB /* navbar.png in Resources */,
				2A56825018B51AA600DDCDAB /* InfoPlist.strings in Resources */,
				2A56829D18B51AC500DDCDAB /* divider_bar@2x.png in Resources */,
				2A56829A18B51AC500DDCDAB /* decoration_snail.png in Resources */,
				2A56829C18B51AC500DDCDAB /* divider_bar.png in Resources */,
				2A5682A318B51AC500DDCDAB /* polaroid1_border@2x.png in Resources */,
				2A5682A818B51AC500DDCDAB /* search_text.png in Resources */,
				2A56829F18B51AC500DDCDAB /* header_bg@2x.png in Resources */,
				2A5682A618B51AC500DDCDAB /* search_field.png in Resources */,
				2A56829E18B51AC500DDCDAB /* header_bg.png in Resources */,
				2A5682A418B51AC500DDCDAB /* pushpin.png in Resources */,
				2A5682A518B51AC500DDCDAB /* pushpin@2x.png in Resources */,
				2A56829918B51AC500DDCDAB /* button@2x.png in Resources */,
				2A56825918B51AA600DDCDAB /* Main.storyboard in Resources */,
				2A5682A118B51AC500DDCDAB /* navbar@2x.png in Resources */,
				2A5682A918B51AC500DDCDAB /* search_text@2x.png in Resources */,
				2A5682A218B51AC500DDCDAB /* polaroid1_border.png in Resources */,
			);
			runOnlyForDeploymentPostprocessing = 0;
		};
		2A56826118B51AA600DDCDAB /* Resources */ = {
			isa = PBXResourcesBuildPhase;
			buildActionMask = 2147483647;
			files = (
				2A56826F18B51AA600DDCDAB /* InfoPlist.strings in Resources */,
			);
			runOnlyForDeploymentPostprocessing = 0;
		};
/* End PBXResourcesBuildPhase section */

/* Begin PBXSourcesBuildPhase section */
		2A56823E18B51AA600DDCDAB /* Sources */ = {
			isa = PBXSourcesBuildPhase;
			buildActionMask = 2147483647;
			files = (
				2A5682AF18B5597600DDCDAB /* FlickrPhotoHeaderView.m in Sources */,
				2A56825C18B51AA600DDCDAB /* ViewController.m in Sources */,
				2A5682B218B5654000DDCDAB /* FlickrPhotoViewController.m in Sources */,
				2A5682AC18B53A4700DDCDAB /* FlickrPhotoCell.m in Sources */,
				2A56825618B51AA600DDCDAB /* AppDelegate.m in Sources */,
				2A56827F18B51ABB00DDCDAB /* Flickr.m in Sources */,
				2A56828018B51ABB00DDCDAB /* FlickrPhoto.m in Sources */,
				2A56825218B51AA600DDCDAB /* main.m in Sources */,
			);
			runOnlyForDeploymentPostprocessing = 0;
		};
		2A56825F18B51AA600DDCDAB /* Sources */ = {
			isa = PBXSourcesBuildPhase;
			buildActionMask = 2147483647;
			files = (
				2A56827118B51AA600DDCDAB /* FlickrSearchTests.m in Sources */,
			);
			runOnlyForDeploymentPostprocessing = 0;
		};
/* End PBXSourcesBuildPhase section */

/* Begin PBXTargetDependency section */
		2A56826918B51AA600DDCDAB /* PBXTargetDependency */ = {
			isa = PBXTargetDependency;
			target = 2A56824118B51AA600DDCDAB /* FlickrSearch */;
			targetProxy = 2A56826818B51AA600DDCDAB /* PBXContainerItemProxy */;
		};
/* End PBXTargetDependency section */

/* Begin PBXVariantGroup section */
		2A56824E18B51AA600DDCDAB /* InfoPlist.strings */ = {
			isa = PBXVariantGroup;
			children = (
				2A56824F18B51AA600DDCDAB /* en */,
			);
			name = InfoPlist.strings;
			sourceTree = "<group>";
		};
		2A56825718B51AA600DDCDAB /* Main.storyboard */ = {
			isa = PBXVariantGroup;
			children = (
				2A56825818B51AA600DDCDAB /* Base */,
			);
			name = Main.storyboard;
			sourceTree = "<group>";
		};
		2A56826D18B51AA600DDCDAB /* InfoPlist.strings */ = {
			isa = PBXVariantGroup;
			children = (
				2A56826E18B51AA600DDCDAB /* en */,
			);
			name = InfoPlist.strings;
			sourceTree = "<group>";
		};
/* End PBXVariantGroup section */

/* Begin XCBuildConfiguration section */
		2A56827218B51AA600DDCDAB /* Debug */ = {
			isa = XCBuildConfiguration;
			buildSettings = {
				ALWAYS_SEARCH_USER_PATHS = NO;
				ARCHS = "$(ARCHS_STANDARD_INCLUDING_64_BIT)";
				CLANG_CXX_LANGUAGE_STANDARD = "gnu++0x";
				CLANG_CXX_LIBRARY = "libc++";
				CLANG_ENABLE_MODULES = YES;
				CLANG_ENABLE_OBJC_ARC = YES;
				CLANG_WARN_BOOL_CONVERSION = YES;
				CLANG_WARN_CONSTANT_CONVERSION = YES;
				CLANG_WARN_DIRECT_OBJC_ISA_USAGE = YES_ERROR;
				CLANG_WARN_EMPTY_BODY = YES;
				CLANG_WARN_ENUM_CONVERSION = YES;
				CLANG_WARN_INT_CONVERSION = YES;
				CLANG_WARN_OBJC_ROOT_CLASS = YES_ERROR;
				CLANG_WARN__DUPLICATE_METHOD_MATCH = YES;
				"CODE_SIGN_IDENTITY[sdk=iphoneos*]" = "iPhone Developer";
				COPY_PHASE_STRIP = NO;
				GCC_C_LANGUAGE_STANDARD = gnu99;
				GCC_DYNAMIC_NO_PIC = NO;
				GCC_OPTIMIZATION_LEVEL = 0;
				GCC_PREPROCESSOR_DEFINITIONS = (
					"DEBUG=1",
					"$(inherited)",
				);
				GCC_SYMBOLS_PRIVATE_EXTERN = NO;
				GCC_WARN_64_TO_32_BIT_CONVERSION = YES;
				GCC_WARN_ABOUT_RETURN_TYPE = YES_ERROR;
				GCC_WARN_UNDECLARED_SELECTOR = YES;
				GCC_WARN_UNINITIALIZED_AUTOS = YES;
				GCC_WARN_UNUSED_FUNCTION = YES;
				GCC_WARN_UNUSED_VARIABLE = YES;
				IPHONEOS_DEPLOYMENT_TARGET = 7.0;
				ONLY_ACTIVE_ARCH = YES;
				SDKROOT = iphoneos;
				TARGETED_DEVICE_FAMILY = 2;
			};
			name = Debug;
		};
		2A56827318B51AA600DDCDAB /* Release */ = {
			isa = XCBuildConfiguration;
			buildSettings = {
				ALWAYS_SEARCH_USER_PATHS = NO;
				ARCHS = "$(ARCHS_STANDARD_INCLUDING_64_BIT)";
				CLANG_CXX_LANGUAGE_STANDARD = "gnu++0x";
				CLANG_CXX_LIBRARY = "libc++";
				CLANG_ENABLE_MODULES = YES;
				CLANG_ENABLE_OBJC_ARC = YES;
				CLANG_WARN_BOOL_CONVERSION = YES;
				CLANG_WARN_CONSTANT_CONVERSION = YES;
				CLANG_WARN_DIRECT_OBJC_ISA_USAGE = YES_ERROR;
				CLANG_WARN_EMPTY_BODY = YES;
				CLANG_WARN_ENUM_CONVERSION = YES;
				CLANG_WARN_INT_CONVERSION = YES;
				CLANG_WARN_OBJC_ROOT_CLASS = YES_ERROR;
				CLANG_WARN__DUPLICATE_METHOD_MATCH = YES;
				"CODE_SIGN_IDENTITY[sdk=iphoneos*]" = "iPhone Developer";
				COPY_PHASE_STRIP = YES;
				ENABLE_NS_ASSERTIONS = NO;
				GCC_C_LANGUAGE_STANDARD = gnu99;
				GCC_WARN_64_TO_32_BIT_CONVERSION = YES;
				GCC_WARN_ABOUT_RETURN_TYPE = YES_ERROR;
				GCC_WARN_UNDECLARED_SELECTOR = YES;
				GCC_WARN_UNINITIALIZED_AUTOS = YES;
				GCC_WARN_UNUSED_FUNCTION = YES;
				GCC_WARN_UNUSED_VARIABLE = YES;
				IPHONEOS_DEPLOYMENT_TARGET = 7.0;
				SDKROOT = iphoneos;
				TARGETED_DEVICE_FAMILY = 2;
				VALIDATE_PRODUCT = YES;
			};
			name = Release;
		};
		2A56827518B51AA600DDCDAB /* Debug */ = {
			isa = XCBuildConfiguration;
			buildSettings = {
				ASSETCATALOG_COMPILER_APPICON_NAME = AppIcon;
				ASSETCATALOG_COMPILER_LAUNCHIMAGE_NAME = LaunchImage;
				GCC_PRECOMPILE_PREFIX_HEADER = YES;
				GCC_PREFIX_HEADER = "FlickrSearch/FlickrSearch-Prefix.pch";
				INFOPLIST_FILE = "FlickrSearch/FlickrSearch-Info.plist";
				PRODUCT_NAME = "$(TARGET_NAME)";
				WRAPPER_EXTENSION = app;
			};
			name = Debug;
		};
		2A56827618B51AA600DDCDAB /* Release */ = {
			isa = XCBuildConfiguration;
			buildSettings = {
				ASSETCATALOG_COMPILER_APPICON_NAME = AppIcon;
				ASSETCATALOG_COMPILER_LAUNCHIMAGE_NAME = LaunchImage;
				GCC_PRECOMPILE_PREFIX_HEADER = YES;
				GCC_PREFIX_HEADER = "FlickrSearch/FlickrSearch-Prefix.pch";
				INFOPLIST_FILE = "FlickrSearch/FlickrSearch-Info.plist";
				PRODUCT_NAME = "$(TARGET_NAME)";
				WRAPPER_EXTENSION = app;
			};
			name = Release;
		};
		2A56827818B51AA600DDCDAB /* Debug */ = {
			isa = XCBuildConfiguration;
			buildSettings = {
				ARCHS = "$(ARCHS_STANDARD_INCLUDING_64_BIT)";
				BUNDLE_LOADER = "$(BUILT_PRODUCTS_DIR)/FlickrSearch.app/FlickrSearch";
				FRAMEWORK_SEARCH_PATHS = (
					"$(SDKROOT)/Developer/Library/Frameworks",
					"$(inherited)",
					"$(DEVELOPER_FRAMEWORKS_DIR)",
				);
				GCC_PRECOMPILE_PREFIX_HEADER = YES;
				GCC_PREFIX_HEADER = "FlickrSearch/FlickrSearch-Prefix.pch";
				GCC_PREPROCESSOR_DEFINITIONS = (
					"DEBUG=1",
					"$(inherited)",
				);
				INFOPLIST_FILE = "FlickrSearchTests/FlickrSearchTests-Info.plist";
				PRODUCT_NAME = "$(TARGET_NAME)";
				TEST_HOST = "$(BUNDLE_LOADER)";
				WRAPPER_EXTENSION = xctest;
			};
			name = Debug;
		};
		2A56827918B51AA600DDCDAB /* Release */ = {
			isa = XCBuildConfiguration;
			buildSettings = {
				ARCHS = "$(ARCHS_STANDARD_INCLUDING_64_BIT)";
				BUNDLE_LOADER = "$(BUILT_PRODUCTS_DIR)/FlickrSearch.app/FlickrSearch";
				FRAMEWORK_SEARCH_PATHS = (
					"$(SDKROOT)/Developer/Library/Frameworks",
					"$(inherited)",
					"$(DEVELOPER_FRAMEWORKS_DIR)",
				);
				GCC_PRECOMPILE_PREFIX_HEADER = YES;
				GCC_PREFIX_HEADER = "FlickrSearch/FlickrSearch-Prefix.pch";
				INFOPLIST_FILE = "FlickrSearchTests/FlickrSearchTests-Info.plist";
				PRODUCT_NAME = "$(TARGET_NAME)";
				TEST_HOST = "$(BUNDLE_LOADER)";
				WRAPPER_EXTENSION = xctest;
			};
			name = Release;
		};
/* End XCBuildConfiguration section */

/* Begin XCConfigurationList section */
		2A56823D18B51AA600DDCDAB /* Build configuration list for PBXProject "FlickrSearch" */ = {
			isa = XCConfigurationList;
			buildConfigurations = (
				2A56827218B51AA600DDCDAB /* Debug */,
				2A56827318B51AA600DDCDAB /* Release */,
			);
			defaultConfigurationIsVisible = 0;
			defaultConfigurationName = Release;
		};
		2A56827418B51AA600DDCDAB /* Build configuration list for PBXNativeTarget "FlickrSearch" */ = {
			isa = XCConfigurationList;
			buildConfigurations = (
				2A56827518B51AA600DDCDAB /* Debug */,
				2A56827618B51AA600DDCDAB /* Release */,
			);
			defaultConfigurationIsVisible = 0;
		};
		2A56827718B51AA600DDCDAB /* Build configuration list for PBXNativeTarget "FlickrSearchTests" */ = {
			isa = XCConfigurationList;
			buildConfigurations = (
				2A56827818B51AA600DDCDAB /* Debug */,
				2A56827918B51AA600DDCDAB /* Release */,
			);
			defaultConfigurationIsVisible = 0;
		};
/* End XCConfigurationList section */
	};
	rootObject = 2A56823A18B51AA600DDCDAB /* Project object */;
}
