// !$*UTF8*$!
{
	archiveVersion = 1;
	classes = {
	};
	objectVersion = 46;
	objects = {

/* Begin PBXBuildFile section */
		2A01D84B190183DD009F26C5 /* Foundation.framework in Frameworks */ = {isa = PBXBuildFile; fileRef = 2A01D84A190183DD009F26C5 /* Foundation.framework */; };
		2A01D84D190183DD009F26C5 /* CoreGraphics.framework in Frameworks */ = {isa = PBXBuildFile; fileRef = 2A01D84C190183DD009F26C5 /* CoreGraphics.framework */; };
		2A01D84F190183DD009F26C5 /* UIKit.framework in Frameworks */ = {isa = PBXBuildFile; fileRef = 2A01D84E190183DD009F26C5 /* UIKit.framework */; };
		2A01D851190183DD009F26C5 /* SpriteKit.framework in Frameworks */ = {isa = PBXBuildFile; fileRef = 2A01D850190183DD009F26C5 /* SpriteKit.framework */; };
		2A01D857190183DD009F26C5 /* InfoPlist.strings in Resources */ = {isa = PBXBuildFile; fileRef = 2A01D855190183DD009F26C5 /* InfoPlist.strings */; };
		2A01D859190183DD009F26C5 /* main.m in Sources */ = {isa = PBXBuildFile; fileRef = 2A01D858190183DD009F26C5 /* main.m */; };
		2A01D85D190183DD009F26C5 /* AppDelegate.m in Sources */ = {isa = PBXBuildFile; fileRef = 2A01D85C190183DD009F26C5 /* AppDelegate.m */; };
		2A01D860190183DD009F26C5 /* Main.storyboard in Resources */ = {isa = PBXBuildFile; fileRef = 2A01D85E190183DD009F26C5 /* Main.storyboard */; };
		2A01D863190183DD009F26C5 /* ViewController.m in Sources */ = {isa = PBXBuildFile; fileRef = 2A01D862190183DD009F26C5 /* ViewController.m */; };
		2A01D866190183DD009F26C5 /* MyScene.m in Sources */ = {isa = PBXBuildFile; fileRef = 2A01D865190183DD009F26C5 /* MyScene.m */; };
		2A01D86A190183DD009F26C5 /* Images.xcassets in Resources */ = {isa = PBXBuildFile; fileRef = 2A01D869190183DD009F26C5 /* Images.xcassets */; };
		2A01D871190183DD009F26C5 /* XCTest.framework in Frameworks */ = {isa = PBXBuildFile; fileRef = 2A01D870190183DD009F26C5 /* XCTest.framework */; };
		2A01D872190183DD009F26C5 /* Foundation.framework in Frameworks */ = {isa = PBXBuildFile; fileRef = 2A01D84A190183DD009F26C5 /* Foundation.framework */; };
		2A01D873190183DD009F26C5 /* UIKit.framework in Frameworks */ = {isa = PBXBuildFile; fileRef = 2A01D84E190183DD009F26C5 /* UIKit.framework */; };
		2A01D88D190184D7009F26C5 /* attribution.txt in Resources */ = {isa = PBXBuildFile; fileRef = 2A01D887190184D7009F26C5 /* attribution.txt */; };
		2A01D88E190184D7009F26C5 /* bird.png in Resources */ = {isa = PBXBuildFile; fileRef = 2A01D888190184D7009F26C5 /* bird.png */; };
		2A01D88F190184D7009F26C5 /* blue-shooting-stars.png in Resources */ = {isa = PBXBuildFile; fileRef = 2A01D889190184D7009F26C5 /* blue-shooting-stars.png */; };
		2A01D890190184D7009F26C5 /* cat.png in Resources */ = {isa = PBXBuildFile; fileRef = 2A01D88A190184D7009F26C5 /* cat.png */; };
		2A01D891190184D7009F26C5 /* dog.png in Resources */ = {isa = PBXBuildFile; fileRef = 2A01D88B190184D7009F26C5 /* dog.png */; };
		2A01D892190184D7009F26C5 /* turtle.png in Resources */ = {isa = PBXBuildFile; fileRef = 2A01D88C190184D7009F26C5 /* turtle.png */; };
/* End PBXBuildFile section */

/* Begin PBXContainerItemProxy section */
		2A01D874190183DD009F26C5 /* PBXContainerItemProxy */ = {
			isa = PBXContainerItemProxy;
			containerPortal = 2A01D83F190183DD009F26C5 /* Project object */;
			proxyType = 1;
			remoteGlobalIDString = 2A01D846190183DD009F26C5;
			remoteInfo = DragDrop;
		};
/* End PBXContainerItemProxy section */

/* Begin PBXFileReference section */
		2A01D847190183DD009F26C5 /* DragDrop.app */ = {isa = PBXFileReference; explicitFileType = wrapper.application; includeInIndex = 0; path = DragDrop.app; sourceTree = BUILT_PRODUCTS_DIR; };
		2A01D84A190183DD009F26C5 /* Foundation.framework */ = {isa = PBXFileReference; lastKnownFileType = wrapper.framework; name = Foundation.framework; path = System/Library/Frameworks/Foundation.framework; sourceTree = SDKROOT; };
		2A01D84C190183DD009F26C5 /* CoreGraphics.framework */ = {isa = PBXFileReference; lastKnownFileType = wrapper.framework; name = CoreGraphics.framework; path = System/Library/Frameworks/CoreGraphics.framework; sourceTree = SDKROOT; };
		2A01D84E190183DD009F26C5 /* UIKit.framework */ = {isa = PBXFileReference; lastKnownFileType = wrapper.framework; name = UIKit.framework; path = System/Library/Frameworks/UIKit.framework; sourceTree = SDKROOT; };
		2A01D850190183DD009F26C5 /* SpriteKit.framework */ = {isa = PBXFileReference; lastKnownFileType = wrapper.framework; name = SpriteKit.framework; path = System/Library/Frameworks/SpriteKit.framework; sourceTree = SDKROOT; };
		2A01D854190183DD009F26C5 /* DragDrop-Info.plist */ = {isa = PBXFileReference; lastKnownFileType = text.plist.xml; path = "DragDrop-Info.plist"; sourceTree = "<group>"; };
		2A01D856190183DD009F26C5 /* en */ = {isa = PBXFileReference; lastKnownFileType = text.plist.strings; name = en; path = en.lproj/InfoPlist.strings; sourceTree = "<group>"; };
		2A01D858190183DD009F26C5 /* main.m */ = {isa = PBXFileReference; lastKnownFileType = sourcecode.c.objc; path = main.m; sourceTree = "<group>"; };
		2A01D85A190183DD009F26C5 /* DragDrop-Prefix.pch */ = {isa = PBXFileReference; lastKnownFileType = sourcecode.c.h; path = "DragDrop-Prefix.pch"; sourceTree = "<group>"; };
		2A01D85B190183DD009F26C5 /* AppDelegate.h */ = {isa = PBXFileReference; lastKnownFileType = sourcecode.c.h; path = AppDelegate.h; sourceTree = "<group>"; };
		2A01D85C190183DD009F26C5 /* AppDelegate.m */ = {isa = PBXFileReference; lastKnownFileType = sourcecode.c.objc; path = AppDelegate.m; sourceTree = "<group>"; };
		2A01D85F190183DD009F26C5 /* Base */ = {isa = PBXFileReference; lastKnownFileType = file.storyboard; name = Base; path = Base.lproj/Main.storyboard; sourceTree = "<group>"; };
		2A01D861190183DD009F26C5 /* ViewController.h */ = {isa = PBXFileReference; lastKnownFileType = sourcecode.c.h; path = ViewController.h; sourceTree = "<group>"; };
		2A01D862190183DD009F26C5 /* ViewController.m */ = {isa = PBXFileReference; lastKnownFileType = sourcecode.c.objc; path = ViewController.m; sourceTree = "<group>"; };
		2A01D864190183DD009F26C5 /* MyScene.h */ = {isa = PBXFileReference; lastKnownFileType = sourcecode.c.h; path = MyScene.h; sourceTree = "<group>"; };
		2A01D865190183DD009F26C5 /* MyScene.m */ = {isa = PBXFileReference; lastKnownFileType = sourcecode.c.objc; path = MyScene.m; sourceTree = "<group>"; };
		2A01D869190183DD009F26C5 /* Images.xcassets */ = {isa = PBXFileReference; lastKnownFileType = folder.assetcatalog; path = Images.xcassets; sourceTree = "<group>"; };
		2A01D86F190183DD009F26C5 /* DragDropTests.xctest */ = {isa = PBXFileReference; explicitFileType = wrapper.cfbundle; includeInIndex = 0; path = DragDropTests.xctest; sourceTree = BUILT_PRODUCTS_DIR; };
		2A01D870190183DD009F26C5 /* XCTest.framework */ = {isa = PBXFileReference; lastKnownFileType = wrapper.framework; name = XCTest.framework; path = Library/Frameworks/XCTest.framework; sourceTree = DEVELOPER_DIR; };
		2A01D887190184D7009F26C5 /* attribution.txt */ = {isa = PBXFileReference; fileEncoding = 4; lastKnownFileType = text; path = attribution.txt; sourceTree = "<group>"; };
		2A01D888190184D7009F26C5 /* bird.png */ = {isa = PBXFileReference; lastKnownFileType = image.png; path = bird.png; sourceTree = "<group>"; };
		2A01D889190184D7009F26C5 /* blue-shooting-stars.png */ = {isa = PBXFileReference; lastKnownFileType = image.png; path = "blue-shooting-stars.png"; sourceTree = "<group>"; };
		2A01D88A190184D7009F26C5 /* cat.png */ = {isa = PBXFileReference; lastKnownFileType = image.png; path = cat.png; sourceTree = "<group>"; };
		2A01D88B190184D7009F26C5 /* dog.png */ = {isa = PBXFileReference; lastKnownFileType = image.png; path = dog.png; sourceTree = "<group>"; };
		2A01D88C190184D7009F26C5 /* turtle.png */ = {isa = PBXFileReference; lastKnownFileType = image.png; path = turtle.png; sourceTree = "<group>"; };
/* End PBXFileReference section */

/* Begin PBXFrameworksBuildPhase section */
		2A01D844190183DD009F26C5 /* Frameworks */ = {
			isa = PBXFrameworksBuildPhase;
			buildActionMask = 2147483647;
			files = (
				2A01D84D190183DD009F26C5 /* CoreGraphics.framework in Frameworks */,
				2A01D84F190183DD009F26C5 /* UIKit.framework in Frameworks */,
				2A01D851190183DD009F26C5 /* SpriteKit.framework in Frameworks */,
				2A01D84B190183DD009F26C5 /* Foundation.framework in Frameworks */,
			);
			runOnlyForDeploymentPostprocessing = 0;
		};
		2A01D86C190183DD009F26C5 /* Frameworks */ = {
			isa = PBXFrameworksBuildPhase;
			buildActionMask = 2147483647;
			files = (
				2A01D871190183DD009F26C5 /* XCTest.framework in Frameworks */,
				2A01D873190183DD009F26C5 /* UIKit.framework in Frameworks */,
				2A01D872190183DD009F26C5 /* Foundation.framework in Frameworks */,
			);
			runOnlyForDeploymentPostprocessing = 0;
		};
/* End PBXFrameworksBuildPhase section */

/* Begin PBXGroup section */
		2A01D83E190183DD009F26C5 = {
			isa = PBXGroup;
			children = (
				2A01D852190183DD009F26C5 /* DragDrop */,
				2A01D849190183DD009F26C5 /* Frameworks */,
				2A01D848190183DD009F26C5 /* Products */,
			);
			sourceTree = "<group>";
		};
		2A01D848190183DD009F26C5 /* Products */ = {
			isa = PBXGroup;
			children = (
				2A01D847190183DD009F26C5 /* DragDrop.app */,
				2A01D86F190183DD009F26C5 /* DragDropTests.xctest */,
			);
			name = Products;
			sourceTree = "<group>";
		};
		2A01D849190183DD009F26C5 /* Frameworks */ = {
			isa = PBXGroup;
			children = (
				2A01D84A190183DD009F26C5 /* Foundation.framework */,
				2A01D84C190183DD009F26C5 /* CoreGraphics.framework */,
				2A01D84E190183DD009F26C5 /* UIKit.framework */,
				2A01D850190183DD009F26C5 /* SpriteKit.framework */,
				2A01D870190183DD009F26C5 /* XCTest.framework */,
			);
			name = Frameworks;
			sourceTree = "<group>";
		};
		2A01D852190183DD009F26C5 /* DragDrop */ = {
			isa = PBXGroup;
			children = (
				2A01D85B190183DD009F26C5 /* AppDelegate.h */,
				2A01D85C190183DD009F26C5 /* AppDelegate.m */,
				2A01D85E190183DD009F26C5 /* Main.storyboard */,
				2A01D861190183DD009F26C5 /* ViewController.h */,
				2A01D862190183DD009F26C5 /* ViewController.m */,
				2A01D864190183DD009F26C5 /* MyScene.h */,
				2A01D865190183DD009F26C5 /* MyScene.m */,
				2A01D886190184D7009F26C5 /* DragDropImages */,
				2A01D869190183DD009F26C5 /* Images.xcassets */,
				2A01D853190183DD009F26C5 /* Supporting Files */,
			);
			path = DragDrop;
			sourceTree = "<group>";
		};
		2A01D853190183DD009F26C5 /* Supporting Files */ = {
			isa = PBXGroup;
			children = (
				2A01D854190183DD009F26C5 /* DragDrop-Info.plist */,
				2A01D855190183DD009F26C5 /* InfoPlist.strings */,
				2A01D858190183DD009F26C5 /* main.m */,
				2A01D85A190183DD009F26C5 /* DragDrop-Prefix.pch */,
			);
			name = "Supporting Files";
			sourceTree = "<group>";
		};
		2A01D886190184D7009F26C5 /* DragDropImages */ = {
			isa = PBXGroup;
			children = (
				2A01D887190184D7009F26C5 /* attribution.txt */,
				2A01D888190184D7009F26C5 /* bird.png */,
				2A01D889190184D7009F26C5 /* blue-shooting-stars.png */,
				2A01D88A190184D7009F26C5 /* cat.png */,
				2A01D88B190184D7009F26C5 /* dog.png */,
				2A01D88C190184D7009F26C5 /* turtle.png */,
			);
			path = DragDropImages;
			sourceTree = "<group>";
		};
/* End PBXGroup section */

/* Begin PBXNativeTarget section */
		2A01D846190183DD009F26C5 /* DragDrop */ = {
			isa = PBXNativeTarget;
			buildConfigurationList = 2A01D880190183DD009F26C5 /* Build configuration list for PBXNativeTarget "DragDrop" */;
			buildPhases = (
				2A01D843190183DD009F26C5 /* Sources */,
				2A01D844190183DD009F26C5 /* Frameworks */,
				2A01D845190183DD009F26C5 /* Resources */,
			);
			buildRules = (
			);
			dependencies = (
			);
			name = DragDrop;
			productName = DragDrop;
			productReference = 2A01D847190183DD009F26C5 /* DragDrop.app */;
			productType = "com.apple.product-type.application";
		};
		2A01D86E190183DD009F26C5 /* DragDropTests */ = {
			isa = PBXNativeTarget;
			buildConfigurationList = 2A01D883190183DD009F26C5 /* Build configuration list for PBXNativeTarget "DragDropTests" */;
			buildPhases = (
				2A01D86B190183DD009F26C5 /* Sources */,
				2A01D86C190183DD009F26C5 /* Frameworks */,
				2A01D86D190183DD009F26C5 /* Resources */,
			);
			buildRules = (
			);
			dependencies = (
				2A01D875190183DD009F26C5 /* PBXTargetDependency */,
			);
			name = DragDropTests;
			productName = DragDropTests;
			productReference = 2A01D86F190183DD009F26C5 /* DragDropTests.xctest */;
			productType = "com.apple.product-type.bundle.unit-test";
		};
/* End PBXNativeTarget section */

/* Begin PBXProject section */
		2A01D83F190183DD009F26C5 /* Project object */ = {
			isa = PBXProject;
			attributes = {
				LastUpgradeCheck = 0510;
				ORGANIZATIONNAME = "Gal Cohen";
				TargetAttributes = {
					2A01D86E190183DD009F26C5 = {
						TestTargetID = 2A01D846190183DD009F26C5;
					};
				};
			};
			buildConfigurationList = 2A01D842190183DD009F26C5 /* Build configuration list for PBXProject "DragDrop" */;
			compatibilityVersion = "Xcode 3.2";
			developmentRegion = English;
			hasScannedForEncodings = 0;
			knownRegions = (
				en,
				Base,
			);
			mainGroup = 2A01D83E190183DD009F26C5;
			productRefGroup = 2A01D848190183DD009F26C5 /* Products */;
			projectDirPath = "";
			projectRoot = "";
			targets = (
				2A01D846190183DD009F26C5 /* DragDrop */,
				2A01D86E190183DD009F26C5 /* DragDropTests */,
			);
		};
/* End PBXProject section */

/* Begin PBXResourcesBuildPhase section */
		2A01D845190183DD009F26C5 /* Resources */ = {
			isa = PBXResourcesBuildPhase;
			buildActionMask = 2147483647;
			files = (
				2A01D857190183DD009F26C5 /* InfoPlist.strings in Resources */,
				2A01D892190184D7009F26C5 /* turtle.png in Resources */,
				2A01D86A190183DD009F26C5 /* Images.xcassets in Resources */,
				2A01D890190184D7009F26C5 /* cat.png in Resources */,
				2A01D891190184D7009F26C5 /* dog.png in Resources */,
				2A01D88E190184D7009F26C5 /* bird.png in Resources */,
				2A01D860190183DD009F26C5 /* Main.storyboard in Resources */,
				2A01D88D190184D7009F26C5 /* attribution.txt in Resources */,
				2A01D88F190184D7009F26C5 /* blue-shooting-stars.png in Resources */,
			);
			runOnlyForDeploymentPostprocessing = 0;
		};
		2A01D86D190183DD009F26C5 /* Resources */ = {
			isa = PBXResourcesBuildPhase;
			buildActionMask = 2147483647;
			files = (
			);
			runOnlyForDeploymentPostprocessing = 0;
		};
/* End PBXResourcesBuildPhase section */

/* Begin PBXSourcesBuildPhase section */
		2A01D843190183DD009F26C5 /* Sources */ = {
			isa = PBXSourcesBuildPhase;
			buildActionMask = 2147483647;
			files = (
				2A01D866190183DD009F26C5 /* MyScene.m in Sources */,
				2A01D863190183DD009F26C5 /* ViewController.m in Sources */,
				2A01D85D190183DD009F26C5 /* AppDelegate.m in Sources */,
				2A01D859190183DD009F26C5 /* main.m in Sources */,
			);
			runOnlyForDeploymentPostprocessing = 0;
		};
		2A01D86B190183DD009F26C5 /* Sources */ = {
			isa = PBXSourcesBuildPhase;
			buildActionMask = 2147483647;
			files = (
			);
			runOnlyForDeploymentPostprocessing = 0;
		};
/* End PBXSourcesBuildPhase section */

/* Begin PBXTargetDependency section */
		2A01D875190183DD009F26C5 /* PBXTargetDependency */ = {
			isa = PBXTargetDependency;
			target = 2A01D846190183DD009F26C5 /* DragDrop */;
			targetProxy = 2A01D874190183DD009F26C5 /* PBXContainerItemProxy */;
		};
/* End PBXTargetDependency section */

/* Begin PBXVariantGroup section */
		2A01D855190183DD009F26C5 /* InfoPlist.strings */ = {
			isa = PBXVariantGroup;
			children = (
				2A01D856190183DD009F26C5 /* en */,
			);
			name = InfoPlist.strings;
			sourceTree = "<group>";
		};
		2A01D85E190183DD009F26C5 /* Main.storyboard */ = {
			isa = PBXVariantGroup;
			children = (
				2A01D85F190183DD009F26C5 /* Base */,
			);
			name = Main.storyboard;
			sourceTree = "<group>";
		};
/* End PBXVariantGroup section */

/* Begin XCBuildConfiguration section */
		2A01D87E190183DD009F26C5 /* Debug */ = {
			isa = XCBuildConfiguration;
			buildSettings = {
				ALWAYS_SEARCH_USER_PATHS = NO;
				CLANG_CXX_LANGUAGE_STANDARD = "gnu++0x";
				CLANG_CXX_LIBRARY = "libc++";
				CLANG_ENABLE_MODULES = YES;
				CLANG_ENABLE_OBJC_ARC = YES;
				CLANG_WARN_BOOL_CONVERSION = YES;
				CLANG_WARN_CONSTANT_CONVERSION = YES;
				CLANG_WARN_DIRECT_OBJC_ISA_USAGE = YES_ERROR;
				CLANG_WARN_EMPTY_BODY = YES;
				CLANG_WARN_ENUM_CONVERSION = YES;
				CLANG_WARN_INT_CONVERSION = YES;
				CLANG_WARN_OBJC_ROOT_CLASS = YES_ERROR;
				CLANG_WARN__DUPLICATE_METHOD_MATCH = YES;
				"CODE_SIGN_IDENTITY[sdk=iphoneos*]" = "iPhone Developer";
				COPY_PHASE_STRIP = NO;
				GCC_C_LANGUAGE_STANDARD = gnu99;
				GCC_DYNAMIC_NO_PIC = NO;
				GCC_OPTIMIZATION_LEVEL = 0;
				GCC_PREPROCESSOR_DEFINITIONS = (
					"DEBUG=1",
					"$(inherited)",
				);
				GCC_SYMBOLS_PRIVATE_EXTERN = NO;
				GCC_WARN_64_TO_32_BIT_CONVERSION = YES;
				GCC_WARN_ABOUT_RETURN_TYPE = YES_ERROR;
				GCC_WARN_UNDECLARED_SELECTOR = YES;
				GCC_WARN_UNINITIALIZED_AUTOS = YES_AGGRESSIVE;
				GCC_WARN_UNUSED_FUNCTION = YES;
				GCC_WARN_UNUSED_VARIABLE = YES;
				IPHONEOS_DEPLOYMENT_TARGET = 7.1;
				ONLY_ACTIVE_ARCH = YES;
				SDKROOT = iphoneos;
			};
			name = Debug;
		};
		2A01D87F190183DD009F26C5 /* Release */ = {
			isa = XCBuildConfiguration;
			buildSettings = {
				ALWAYS_SEARCH_USER_PATHS = NO;
				CLANG_CXX_LANGUAGE_STANDARD = "gnu++0x";
				CLANG_CXX_LIBRARY = "libc++";
				CLANG_ENABLE_MODULES = YES;
				CLANG_ENABLE_OBJC_ARC = YES;
				CLANG_WARN_BOOL_CONVERSION = YES;
				CLANG_WARN_CONSTANT_CONVERSION = YES;
				CLANG_WARN_DIRECT_OBJC_ISA_USAGE = YES_ERROR;
				CLANG_WARN_EMPTY_BODY = YES;
				CLANG_WARN_ENUM_CONVERSION = YES;
				CLANG_WARN_INT_CONVERSION = YES;
				CLANG_WARN_OBJC_ROOT_CLASS = YES_ERROR;
				CLANG_WARN__DUPLICATE_METHOD_MATCH = YES;
				"CODE_SIGN_IDENTITY[sdk=iphoneos*]" = "iPhone Developer";
				COPY_PHASE_STRIP = YES;
				ENABLE_NS_ASSERTIONS = NO;
				GCC_C_LANGUAGE_STANDARD = gnu99;
				GCC_WARN_64_TO_32_BIT_CONVERSION = YES;
				GCC_WARN_ABOUT_RETURN_TYPE = YES_ERROR;
				GCC_WARN_UNDECLARED_SELECTOR = YES;
				GCC_WARN_UNINITIALIZED_AUTOS = YES_AGGRESSIVE;
				GCC_WARN_UNUSED_FUNCTION = YES;
				GCC_WARN_UNUSED_VARIABLE = YES;
				IPHONEOS_DEPLOYMENT_TARGET = 7.1;
				SDKROOT = iphoneos;
				VALIDATE_PRODUCT = YES;
			};
			name = Release;
		};
		2A01D881190183DD009F26C5 /* Debug */ = {
			isa = XCBuildConfiguration;
			buildSettings = {
				ASSETCATALOG_COMPILER_APPICON_NAME = AppIcon;
				ASSETCATALOG_COMPILER_LAUNCHIMAGE_NAME = LaunchImage;
				GCC_PRECOMPILE_PREFIX_HEADER = YES;
				GCC_PREFIX_HEADER = "DragDrop/DragDrop-Prefix.pch";
				INFOPLIST_FILE = "DragDrop/DragDrop-Info.plist";
				IPHONEOS_DEPLOYMENT_TARGET = 7.1;
				PRODUCT_NAME = "$(TARGET_NAME)";
				SPRITEKIT_TEXTURE_ATLAS_OUTPUT = YES;
				TARGETED_DEVICE_FAMILY = 1;
				WRAPPER_EXTENSION = app;
			};
			name = Debug;
		};
		2A01D882190183DD009F26C5 /* Release */ = {
			isa = XCBuildConfiguration;
			buildSettings = {
				ASSETCATALOG_COMPILER_APPICON_NAME = AppIcon;
				ASSETCATALOG_COMPILER_LAUNCHIMAGE_NAME = LaunchImage;
				GCC_PRECOMPILE_PREFIX_HEADER = YES;
				GCC_PREFIX_HEADER = "DragDrop/DragDrop-Prefix.pch";
				INFOPLIST_FILE = "DragDrop/DragDrop-Info.plist";
				IPHONEOS_DEPLOYMENT_TARGET = 7.1;
				PRODUCT_NAME = "$(TARGET_NAME)";
				SPRITEKIT_TEXTURE_ATLAS_OUTPUT = YES;
				TARGETED_DEVICE_FAMILY = 1;
				WRAPPER_EXTENSION = app;
			};
			name = Release;
		};
		2A01D884190183DD009F26C5 /* Debug */ = {
			isa = XCBuildConfiguration;
			buildSettings = {
				BUNDLE_LOADER = "$(BUILT_PRODUCTS_DIR)/DragDrop.app/DragDrop";
				FRAMEWORK_SEARCH_PATHS = (
					"$(SDKROOT)/Developer/Library/Frameworks",
					"$(inherited)",
					"$(DEVELOPER_FRAMEWORKS_DIR)",
				);
				GCC_PRECOMPILE_PREFIX_HEADER = YES;
				GCC_PREFIX_HEADER = "DragDrop/DragDrop-Prefix.pch";
				GCC_PREPROCESSOR_DEFINITIONS = (
					"DEBUG=1",
					"$(inherited)",
				);
				INFOPLIST_FILE = "DragDropTests/DragDropTests-Info.plist";
				PRODUCT_NAME = "$(TARGET_NAME)";
				TEST_HOST = "$(BUNDLE_LOADER)";
				WRAPPER_EXTENSION = xctest;
			};
			name = Debug;
		};
		2A01D885190183DD009F26C5 /* Release */ = {
			isa = XCBuildConfiguration;
			buildSettings = {
				BUNDLE_LOADER = "$(BUILT_PRODUCTS_DIR)/DragDrop.app/DragDrop";
				FRAMEWORK_SEARCH_PATHS = (
					"$(SDKROOT)/Developer/Library/Frameworks",
					"$(inherited)",
					"$(DEVELOPER_FRAMEWORKS_DIR)",
				);
				GCC_PRECOMPILE_PREFIX_HEADER = YES;
				GCC_PREFIX_HEADER = "DragDrop/DragDrop-Prefix.pch";
				INFOPLIST_FILE = "DragDropTests/DragDropTests-Info.plist";
				PRODUCT_NAME = "$(TARGET_NAME)";
				TEST_HOST = "$(BUNDLE_LOADER)";
				WRAPPER_EXTENSION = xctest;
			};
			name = Release;
		};
/* End XCBuildConfiguration section */

/* Begin XCConfigurationList section */
		2A01D842190183DD009F26C5 /* Build configuration list for PBXProject "DragDrop" */ = {
			isa = XCConfigurationList;
			buildConfigurations = (
				2A01D87E190183DD009F26C5 /* Debug */,
				2A01D87F190183DD009F26C5 /* Release */,
			);
			defaultConfigurationIsVisible = 0;
			defaultConfigurationName = Release;
		};
		2A01D880190183DD009F26C5 /* Build configuration list for PBXNativeTarget "DragDrop" */ = {
			isa = XCConfigurationList;
			buildConfigurations = (
				2A01D881190183DD009F26C5 /* Debug */,
				2A01D882190183DD009F26C5 /* Release */,
			);
			defaultConfigurationIsVisible = 0;
		};
		2A01D883190183DD009F26C5 /* Build configuration list for PBXNativeTarget "DragDropTests" */ = {
			isa = XCConfigurationList;
			buildConfigurations = (
				2A01D884190183DD009F26C5 /* Debug */,
				2A01D885190183DD009F26C5 /* Release */,
			);
			defaultConfigurationIsVisible = 0;
		};
/* End XCConfigurationList section */
	};
	rootObject = 2A01D83F190183DD009F26C5 /* Project object */;
}
